
Microsoft Visual Studio Solution File, Format Version 12.00
# Visual Studio Version 17
VisualStudioVersion = 17.9.34723.18
MinimumVisualStudioVersion = 10.0.40219.1
Project("{FAE04EC0-301F-11D3-BF4B-00C04F79EFBC}") = "WCS-LINQ_Entity_Framework", "WCS-LINQ_Entity_Framework.csproj", "{4524042F-D2F4-4544-B7BF-C1A487AAE7C8}"
EndProject
Global
	GlobalSection(SolutionConfigurationPlatforms) = preSolution
		Debug|Any CPU = Debug|Any CPU
		Release|Any CPU = Release|Any CPU
	EndGlobalSection
	GlobalSection(ProjectConfigurationPlatforms) = postSolution
		{4524042F-D2F4-4544-B7BF-C1A487AAE7C8}.Debug|Any CPU.ActiveCfg = Debug|Any CPU
		{4524042F-D2F4-4544-B7BF-C1A487AAE7C8}.Debug|Any CPU.Build.0 = Debug|Any CPU
		{4524042F-D2F4-4544-B7BF-C1A487AAE7C8}.Release|Any CPU.ActiveCfg = Release|Any CPU
		{4524042F-D2F4-4544-B7BF-C1A487AAE7C8}.Release|Any CPU.Build.0 = Release|Any CPU
	EndGlobalSection
	GlobalSection(SolutionProperties) = preSolution
		HideSolutionNode = FALSE
	EndGlobalSection
	GlobalSection(ExtensibilityGlobals) = postSolution
		SolutionGuid = {C9BD1A4B-356D-437D-A9FE-2066533EBE7A}
	EndGlobalSection
EndGlobal
